
Microsoft Visual Studio Solution File, Format Version 12.00
# Visual Studio 15
VisualStudioVersion = 15.0.27703.2035
MinimumVisualStudioVersion = 10.0.40219.1
Project("{FAE04EC0-301F-11D3-BF4B-00C04F79EFBC}") = "TimeCalculator", "TimeCalculator\TimeCalculator.csproj", "{DC853819-B51E-4F71-B68C-30FF66ED5BEB}"
EndProject
Project("{FAE04EC0-301F-11D3-BF4B-00C04F79EFBC}") = "TimeCalculatorTests", "TimeCalculatorTests\TimeCalculatorTests.csproj", "{389B3A87-13AF-4610-A430-CFBFF21FCB0B}"
EndProject
Global
	GlobalSection(SolutionConfigurationPlatforms) = preSolution
		Debug|Any CPU = Debug|Any CPU
		Release|Any CPU = Release|Any CPU
	EndGlobalSection
	GlobalSection(ProjectConfigurationPlatforms) = postSolution
		{DC853819-B51E-4F71-B68C-30FF66ED5BEB}.Debug|Any CPU.ActiveCfg = Debug|Any CPU
		{DC853819-B51E-4F71-B68C-30FF66ED5BEB}.Debug|Any CPU.Build.0 = Debug|Any CPU
		{DC853819-B51E-4F71-B68C-30FF66ED5BEB}.Release|Any CPU.ActiveCfg = Release|Any CPU
		{DC853819-B51E-4F71-B68C-30FF66ED5BEB}.Release|Any CPU.Build.0 = Release|Any CPU
		{389B3A87-13AF-4610-A430-CFBFF21FCB0B}.Debug|Any CPU.ActiveCfg = Debug|Any CPU
		{389B3A87-13AF-4610-A430-CFBFF21FCB0B}.Debug|Any CPU.Build.0 = Debug|Any CPU
		{389B3A87-13AF-4610-A430-CFBFF21FCB0B}.Release|Any CPU.ActiveCfg = Release|Any CPU
		{389B3A87-13AF-4610-A430-CFBFF21FCB0B}.Release|Any CPU.Build.0 = Release|Any CPU
	EndGlobalSection
	GlobalSection(SolutionProperties) = preSolution
		HideSolutionNode = FALSE
	EndGlobalSection
	GlobalSection(ExtensibilityGlobals) = postSolution
		SolutionGuid = {45A1523C-FB8B-4BBF-A7AB-B014FE3D4875}
	EndGlobalSection
EndGlobal
